
Microsoft Visual Studio Solution File, Format Version 12.00
# Visual Studio Version 17
VisualStudioVersion = 17.8.34330.188
MinimumVisualStudioVersion = 10.0.40219.1
Project("{9A19103F-16F7-4668-BE54-9A1E7A4F7556}") = "WMS API", "WMS API\WMS API.csproj", "{ACA9BAD9-7481-46F1-9398-8E9B2B2D22DC}"
EndProject
Global
	GlobalSection(SolutionConfigurationPlatforms) = preSolution
		Debug|Any CPU = Debug|Any CPU
		Release|Any CPU = Release|Any CPU
	EndGlobalSection
	GlobalSection(ProjectConfigurationPlatforms) = postSolution
		{ACA9BAD9-7481-46F1-9398-8E9B2B2D22DC}.Debug|Any CPU.ActiveCfg = Debug|Any CPU
		{ACA9BAD9-7481-46F1-9398-8E9B2B2D22DC}.Debug|Any CPU.Build.0 = Debug|Any CPU
		{ACA9BAD9-7481-46F1-9398-8E9B2B2D22DC}.Release|Any CPU.ActiveCfg = Release|Any CPU
		{ACA9BAD9-7481-46F1-9398-8E9B2B2D22DC}.Release|Any CPU.Build.0 = Release|Any CPU
	EndGlobalSection
	GlobalSection(SolutionProperties) = preSolution
		HideSolutionNode = FALSE
	EndGlobalSection
	GlobalSection(ExtensibilityGlobals) = postSolution
		SolutionGuid = {3714FCA3-7766-4ACF-8260-2CC02FB42E4F}
	EndGlobalSection
EndGlobal
